
Microsoft Visual Studio Solution File, Format Version 12.00
Project("{FAE04EC0-301F-11D3-BF4B-00C04F79EFBC}") = "POC.Entities", "POC.Entities\POC.Entities.csproj", "{E6D9EABF-68C0-454F-9C37-F326A3C033E8}"
EndProject
Project("{FAE04EC0-301F-11D3-BF4B-00C04F79EFBC}") = "POC.Harness", "POC.Harness\POC.Harness.csproj", "{A0183721-D728-4E68-B131-B94B17F8A564}"
EndProject
Global
	GlobalSection(SolutionConfigurationPlatforms) = preSolution
		Debug|Any CPU = Debug|Any CPU
		Release|Any CPU = Release|Any CPU
	EndGlobalSection
	GlobalSection(ProjectConfigurationPlatforms) = postSolution
		{E6D9EABF-68C0-454F-9C37-F326A3C033E8}.Debug|Any CPU.ActiveCfg = Debug|Any CPU
		{E6D9EABF-68C0-454F-9C37-F326A3C033E8}.Debug|Any CPU.Build.0 = Debug|Any CPU
		{E6D9EABF-68C0-454F-9C37-F326A3C033E8}.Release|Any CPU.ActiveCfg = Release|Any CPU
		{E6D9EABF-68C0-454F-9C37-F326A3C033E8}.Release|Any CPU.Build.0 = Release|Any CPU
		{A0183721-D728-4E68-B131-B94B17F8A564}.Debug|Any CPU.ActiveCfg = Debug|Any CPU
		{A0183721-D728-4E68-B131-B94B17F8A564}.Debug|Any CPU.Build.0 = Debug|Any CPU
		{A0183721-D728-4E68-B131-B94B17F8A564}.Release|Any CPU.ActiveCfg = Release|Any CPU
		{A0183721-D728-4E68-B131-B94B17F8A564}.Release|Any CPU.Build.0 = Release|Any CPU
	EndGlobalSection
EndGlobal
